<?xml version="1.0" encoding="UTF-8" standalone="yes" ?>
<CodeBlocks_project_file>
	<FileVersion major="1" minor="4" />
	<Project>
		<Option title="OpenGUI_OGLRenderer" />
		<Option pch_mode="2" />
		<Option default_target="-1" />
		<Option compiler="gcc" />
		<Build>
			<Target title="Debug|Win32">
				<Option output="..\Debug\libOpenGUI_OGLRenderer_d.a" />
				<Option working_dir="" />
				<Option object_output="Debug" />
				<Option external_deps="..\Debug\libOpenGUI_d.a;" />
				<Option type="2" />
				<Option compiler="gcc" />
				<Option createDefFile="1" />
				<Compiler>
					<Add option="-W" />
					<Add option="-g" />
					<Add option="-O0" />
					<Add option="-DWIN32" />
					<Add option="-D_DEBUG" />
					<Add option="-D_LIB" />
					<Add directory="..\OpenGUI" />
				</Compiler>
				<Linker>
					<Add library="libOpenGUI_d.a" />
					<Add directory="..\Debug" />
				</Linker>
			</Target>
			<Target title="Release|Win32">
				<Option output="..\Release\libOpenGUI_OGLRenderer.a" />
				<Option working_dir="" />
				<Option object_output="Release" />
				<Option external_deps="..\Release\libOpenGUI.a;" />
				<Option type="2" />
				<Option compiler="gcc" />
				<Option createDefFile="1" />
				<Compiler>
					<Add option="-W" />
					<Add option="-DWIN32" />
					<Add option="-DNDEBUG" />
					<Add option="-D_LIB" />
					<Add directory="..\OpenGUI" />
				</Compiler>
				<Linker>
					<Add library="libOpenGUI.a" />
					<Add directory="..\Release" />
				</Linker>
			</Target>
		</Build>
		<Unit filename="OpenGUI_OGLRenderer.cpp">
			<Option compilerVar="CPP" />
			<Option target="Debug|Win32" />
			<Option target="Release|Win32" />
		</Unit>
		<Unit filename="OpenGUI_OGLRenderer.h">
			<Option compilerVar="CPP" />
			<Option compile="0" />
			<Option link="0" />
			<Option target="Debug|Win32" />
			<Option target="Release|Win32" />
		</Unit>
		<Unit filename="OpenGUI_OGLTexture.cpp">
			<Option compilerVar="CPP" />
			<Option target="Debug|Win32" />
			<Option target="Release|Win32" />
		</Unit>
		<Unit filename="OpenGUI_OGLTexture.h">
			<Option compilerVar="CPP" />
			<Option compile="0" />
			<Option link="0" />
			<Option target="Debug|Win32" />
			<Option target="Release|Win32" />
		</Unit>
		<Extensions />
	</Project>
</CodeBlocks_project_file>