<?xml version="1.0" encoding="UTF-8" standalone="yes" ?>
<CodeBlocks_project_file>
	<FileVersion major="1" minor="4" />
	<Project>
		<Option title="freetype" />
		<Option pch_mode="2" />
		<Option default_target="-1" />
		<Option compiler="gcc" />
		<Build>
			<Target title="Release|Win32">
				<Option output="objs\libfreetype2110.a" />
				<Option working_dir="" />
				<Option object_output="objs\release" />
				<Option type="2" />
				<Option compiler="gcc" />
				<Option createDefFile="1" />
				<Compiler>
					<Add option="-O2" />
					<Add option="-Wall" />
					<Add option="-DNDEBUG" />
					<Add option="-DWIN32" />
					<Add option="-D_LIB" />
					<Add directory="include" />
				</Compiler>
			</Target>
			<Target title="Debug|Win32">
				<Option output="objs\libfreetype2110_D.a" />
				<Option working_dir="" />
				<Option object_output="objs\debug" />
				<Option type="2" />
				<Option compiler="gcc" />
				<Option createDefFile="1" />
				<Compiler>
					<Add option="-Wall" />
					<Add option="-g" />
					<Add option="-O0" />
					<Add option="-D_DEBUG" />
					<Add option="-DWIN32" />
					<Add option="-D_LIB" />
					<Add option="-DFT_DEBUG_LEVEL_ERROR" />
					<Add option="-DFT_DEBUG_LEVEL_TRACE" />
					<Add directory="include" />
				</Compiler>
			</Target>
		</Build>
		<Unit filename="builds\win32\ftdebug.c">
			<Option compilerVar="CC" />
			<Option target="Release|Win32" />
			<Option target="Debug|Win32" />
		</Unit>
		<Unit filename="include\freetype\config\ftconfig.h">
			<Option compilerVar="CPP" />
			<Option compile="0" />
			<Option link="0" />
			<Option target="Release|Win32" />
			<Option target="Debug|Win32" />
		</Unit>
		<Unit filename="include\freetype\config\ftheader.h">
			<Option compilerVar="CPP" />
			<Option compile="0" />
			<Option link="0" />
			<Option target="Release|Win32" />
			<Option target="Debug|Win32" />
		</Unit>
		<Unit filename="include\freetype\config\ftmodule.h">
			<Option compilerVar="CPP" />
			<Option compile="0" />
			<Option link="0" />
			<Option target="Release|Win32" />
			<Option target="Debug|Win32" />
		</Unit>
		<Unit filename="include\freetype\config\ftoption.h">
			<Option compilerVar="CPP" />
			<Option compile="0" />
			<Option link="0" />
			<Option target="Release|Win32" />
			<Option target="Debug|Win32" />
		</Unit>
		<Unit filename="include\freetype\config\ftstdlib.h">
			<Option compilerVar="CPP" />
			<Option compile="0" />
			<Option link="0" />
			<Option target="Release|Win32" />
			<Option target="Debug|Win32" />
		</Unit>
		<Unit filename="include\ft2build.h">
			<Option compilerVar="CPP" />
			<Option compile="0" />
			<Option link="0" />
			<Option target="Release|Win32" />
			<Option target="Debug|Win32" />
		</Unit>
		<Unit filename="src\autofit\autofit.c">
			<Option compilerVar="CC" />
			<Option target="Release|Win32" />
			<Option target="Debug|Win32" />
		</Unit>
		<Unit filename="src\base\ftbase.c">
			<Option compilerVar="CC" />
			<Option target="Release|Win32" />
			<Option target="Debug|Win32" />
		</Unit>
		<Unit filename="src\base\ftbitmap.c">
			<Option compilerVar="CC" />
			<Option target="Release|Win32" />
			<Option target="Debug|Win32" />
		</Unit>
		<Unit filename="src\base\ftglyph.c">
			<Option compilerVar="CC" />
			<Option target="Release|Win32" />
			<Option target="Debug|Win32" />
		</Unit>
		<Unit filename="src\base\ftinit.c">
			<Option compilerVar="CC" />
			<Option target="Release|Win32" />
			<Option target="Debug|Win32" />
		</Unit>
		<Unit filename="src\base\ftmm.c">
			<Option compilerVar="CC" />
			<Option target="Release|Win32" />
			<Option target="Debug|Win32" />
		</Unit>
		<Unit filename="src\base\ftstroke.c">
			<Option compilerVar="CC" />
			<Option target="Release|Win32" />
			<Option target="Debug|Win32" />
		</Unit>
		<Unit filename="src\base\ftsystem.c">
			<Option compilerVar="CC" />
			<Option target="Release|Win32" />
			<Option target="Debug|Win32" />
		</Unit>
		<Unit filename="src\bdf\bdf.c">
			<Option compilerVar="CC" />
			<Option target="Release|Win32" />
			<Option target="Debug|Win32" />
		</Unit>
		<Unit filename="src\cache\ftcache.c">
			<Option compilerVar="CC" />
			<Option target="Release|Win32" />
			<Option target="Debug|Win32" />
		</Unit>
		<Unit filename="src\cff\cff.c">
			<Option compilerVar="CC" />
			<Option target="Release|Win32" />
			<Option target="Debug|Win32" />
		</Unit>
		<Unit filename="src\cid\type1cid.c">
			<Option compilerVar="CC" />
			<Option target="Release|Win32" />
			<Option target="Debug|Win32" />
		</Unit>
		<Unit filename="src\gzip\ftgzip.c">
			<Option compilerVar="CC" />
			<Option target="Release|Win32" />
			<Option target="Debug|Win32" />
		</Unit>
		<Unit filename="src\lzw\ftlzw.c">
			<Option compilerVar="CC" />
			<Option target="Release|Win32" />
			<Option target="Debug|Win32" />
		</Unit>
		<Unit filename="src\pcf\pcf.c">
			<Option compilerVar="CC" />
			<Option target="Release|Win32" />
			<Option target="Debug|Win32" />
		</Unit>
		<Unit filename="src\pfr\pfr.c">
			<Option compilerVar="CC" />
			<Option target="Release|Win32" />
			<Option target="Debug|Win32" />
		</Unit>
		<Unit filename="src\psaux\psaux.c">
			<Option compilerVar="CC" />
			<Option target="Release|Win32" />
			<Option target="Debug|Win32" />
		</Unit>
		<Unit filename="src\pshinter\pshinter.c">
			<Option compilerVar="CC" />
			<Option target="Release|Win32" />
			<Option target="Debug|Win32" />
		</Unit>
		<Unit filename="src\psnames\psmodule.c">
			<Option compilerVar="CC" />
			<Option target="Release|Win32" />
			<Option target="Debug|Win32" />
		</Unit>
		<Unit filename="src\raster\raster.c">
			<Option compilerVar="CC" />
			<Option target="Release|Win32" />
			<Option target="Debug|Win32" />
		</Unit>
		<Unit filename="src\sfnt\sfnt.c">
			<Option compilerVar="CC" />
			<Option target="Release|Win32" />
			<Option target="Debug|Win32" />
		</Unit>
		<Unit filename="src\smooth\smooth.c">
			<Option compilerVar="CC" />
			<Option target="Release|Win32" />
			<Option target="Debug|Win32" />
		</Unit>
		<Unit filename="src\truetype\truetype.c">
			<Option compilerVar="CC" />
			<Option target="Release|Win32" />
			<Option target="Debug|Win32" />
		</Unit>
		<Unit filename="src\type1\type1.c">
			<Option compilerVar="CC" />
			<Option target="Release|Win32" />
			<Option target="Debug|Win32" />
		</Unit>
		<Unit filename="src\type42\type42.c">
			<Option compilerVar="CC" />
			<Option target="Release|Win32" />
			<Option target="Debug|Win32" />
		</Unit>
		<Unit filename="src\winfonts\winfnt.c">
			<Option compilerVar="CC" />
			<Option target="Release|Win32" />
			<Option target="Debug|Win32" />
		</Unit>
		<Extensions />
	</Project>
</CodeBlocks_project_file>