Microsoft Visual Studio Solution File, Format Version 8.00
Project("{8BC9CEB8-8B4A-11D0-8D11-00A0C91BC942}") = "Demo1", "Demo1\Demo1.vcproj", "{8D039BAD-A19F-4C2E-B0F8-A90853ABA8EA}"
	ProjectSection(ProjectDependencies) = postProject
		{2F636F21-7CD7-4837-BBAB-48A7B293CC5B} = {2F636F21-7CD7-4837-BBAB-48A7B293CC5B}
		{F216D5DB-B218-4696-84A6-485A18015CF6} = {F216D5DB-B218-4696-84A6-485A18015CF6}
	EndProjectSection
EndProject
Project("{8BC9CEB8-8B4A-11D0-8D11-00A0C91BC942}") = "TachometerWidget", "TachometerWidget\TachometerWidget.vcproj", "{F216D5DB-B218-4696-84A6-485A18015CF6}"
	ProjectSection(ProjectDependencies) = postProject
	EndProjectSection
EndProject
Project("{8BC9CEB8-8B4A-11D0-8D11-00A0C91BC942}") = "glfw", "glfw\glfw.vcproj", "{2F636F21-7CD7-4837-BBAB-48A7B293CC5B}"
	ProjectSection(ProjectDependencies) = postProject
	EndProjectSection
EndProject
Project("{8BC9CEB8-8B4A-11D0-8D11-00A0C91BC942}") = "Amethyst", "Amethyst\Amethyst.vcproj", "{FB5BBF2F-072F-49D9-94CF-EF94A3F03396}"
	ProjectSection(ProjectDependencies) = postProject
	EndProjectSection
EndProject
Global
	GlobalSection(SolutionConfiguration) = preSolution
		Debug = Debug
		Release = Release
	EndGlobalSection
	GlobalSection(ProjectConfiguration) = postSolution
		{8D039BAD-A19F-4C2E-B0F8-A90853ABA8EA}.Debug.ActiveCfg = Debug|Win32
		{8D039BAD-A19F-4C2E-B0F8-A90853ABA8EA}.Debug.Build.0 = Debug|Win32
		{8D039BAD-A19F-4C2E-B0F8-A90853ABA8EA}.Release.ActiveCfg = Release|Win32
		{8D039BAD-A19F-4C2E-B0F8-A90853ABA8EA}.Release.Build.0 = Release|Win32
		{F216D5DB-B218-4696-84A6-485A18015CF6}.Debug.ActiveCfg = Debug|Win32
		{F216D5DB-B218-4696-84A6-485A18015CF6}.Debug.Build.0 = Debug|Win32
		{F216D5DB-B218-4696-84A6-485A18015CF6}.Release.ActiveCfg = Release|Win32
		{F216D5DB-B218-4696-84A6-485A18015CF6}.Release.Build.0 = Release|Win32
		{2F636F21-7CD7-4837-BBAB-48A7B293CC5B}.Debug.ActiveCfg = Debug|Win32
		{2F636F21-7CD7-4837-BBAB-48A7B293CC5B}.Debug.Build.0 = Debug|Win32
		{2F636F21-7CD7-4837-BBAB-48A7B293CC5B}.Release.ActiveCfg = Release|Win32
		{2F636F21-7CD7-4837-BBAB-48A7B293CC5B}.Release.Build.0 = Release|Win32
		{FB5BBF2F-072F-49D9-94CF-EF94A3F03396}.Debug.ActiveCfg = Debug|Win32
		{FB5BBF2F-072F-49D9-94CF-EF94A3F03396}.Debug.Build.0 = Debug|Win32
		{FB5BBF2F-072F-49D9-94CF-EF94A3F03396}.Release.ActiveCfg = Release|Win32
		{FB5BBF2F-072F-49D9-94CF-EF94A3F03396}.Release.Build.0 = Release|Win32
	EndGlobalSection
	GlobalSection(ExtensibilityGlobals) = postSolution
	EndGlobalSection
	GlobalSection(ExtensibilityAddIns) = postSolution
	EndGlobalSection
EndGlobal
