Microsoft Visual Studio Solution File, Format Version 9.00
# Visual Studio 2005
Project("{8BC9CEB8-8B4A-11D0-8D11-00A0C91BC942}") = "tinyxml", "dependencies\tinyxml\tinyxml_lib VC8.vcproj", "{627FE1C5-8CA3-4D05-8F10-19E6CEA17E1B}"
EndProject
Project("{8BC9CEB8-8B4A-11D0-8D11-00A0C91BC942}") = "freetype", "dependencies\freetype2\builds\win32\visualc\freetype VC8.vcproj", "{D0087BEB-3E7B-4004-BD4A-E4D071CF8D92}"
EndProject
Project("{8BC9CEB8-8B4A-11D0-8D11-00A0C91BC942}") = "OpenGUI", "OpenGUI\OpenGUI VC8.vcproj", "{F0265828-618F-4BAD-B4C4-8D3BF266B528}"
	ProjectSection(ProjectDependencies) = postProject
		{627FE1C5-8CA3-4D05-8F10-19E6CEA17E1B} = {627FE1C5-8CA3-4D05-8F10-19E6CEA17E1B}
		{D0087BEB-3E7B-4004-BD4A-E4D071CF8D92} = {D0087BEB-3E7B-4004-BD4A-E4D071CF8D92}
	EndProjectSection
EndProject
Project("{8BC9CEB8-8B4A-11D0-8D11-00A0C91BC942}") = "Amethyst", "Amethyst\Amethyst VC8.vcproj", "{FB5BBF2F-072F-49D9-94CF-EF94A3F03396}"
	ProjectSection(ProjectDependencies) = postProject
		{F0265828-618F-4BAD-B4C4-8D3BF266B528} = {F0265828-618F-4BAD-B4C4-8D3BF266B528}
	EndProjectSection
EndProject
Global
	GlobalSection(SolutionConfigurationPlatforms) = preSolution
		Debug - Just OpenGUI|Win32 = Debug - Just OpenGUI|Win32
		Debug|Win32 = Debug|Win32
		Release - Just OpenGUI|Win32 = Release - Just OpenGUI|Win32
		Release|Win32 = Release|Win32
	EndGlobalSection
	GlobalSection(ProjectConfigurationPlatforms) = postSolution
		{627FE1C5-8CA3-4D05-8F10-19E6CEA17E1B}.Debug - Just OpenGUI|Win32.ActiveCfg = Debug|Win32
		{627FE1C5-8CA3-4D05-8F10-19E6CEA17E1B}.Debug - Just OpenGUI|Win32.Build.0 = Debug|Win32
		{627FE1C5-8CA3-4D05-8F10-19E6CEA17E1B}.Debug|Win32.ActiveCfg = Debug|Win32
		{627FE1C5-8CA3-4D05-8F10-19E6CEA17E1B}.Debug|Win32.Build.0 = Debug|Win32
		{627FE1C5-8CA3-4D05-8F10-19E6CEA17E1B}.Release - Just OpenGUI|Win32.ActiveCfg = Release|Win32
		{627FE1C5-8CA3-4D05-8F10-19E6CEA17E1B}.Release - Just OpenGUI|Win32.Build.0 = Release|Win32
		{627FE1C5-8CA3-4D05-8F10-19E6CEA17E1B}.Release|Win32.ActiveCfg = Release|Win32
		{627FE1C5-8CA3-4D05-8F10-19E6CEA17E1B}.Release|Win32.Build.0 = Release|Win32
		{D0087BEB-3E7B-4004-BD4A-E4D071CF8D92}.Debug - Just OpenGUI|Win32.ActiveCfg = Debug|Win32
		{D0087BEB-3E7B-4004-BD4A-E4D071CF8D92}.Debug - Just OpenGUI|Win32.Build.0 = Debug|Win32
		{D0087BEB-3E7B-4004-BD4A-E4D071CF8D92}.Debug|Win32.ActiveCfg = Debug|Win32
		{D0087BEB-3E7B-4004-BD4A-E4D071CF8D92}.Debug|Win32.Build.0 = Debug|Win32
		{D0087BEB-3E7B-4004-BD4A-E4D071CF8D92}.Release - Just OpenGUI|Win32.ActiveCfg = Release|Win32
		{D0087BEB-3E7B-4004-BD4A-E4D071CF8D92}.Release - Just OpenGUI|Win32.Build.0 = Release|Win32
		{D0087BEB-3E7B-4004-BD4A-E4D071CF8D92}.Release|Win32.ActiveCfg = Release|Win32
		{D0087BEB-3E7B-4004-BD4A-E4D071CF8D92}.Release|Win32.Build.0 = Release|Win32
		{F0265828-618F-4BAD-B4C4-8D3BF266B528}.Debug - Just OpenGUI|Win32.ActiveCfg = Debug|Win32
		{F0265828-618F-4BAD-B4C4-8D3BF266B528}.Debug - Just OpenGUI|Win32.Build.0 = Debug|Win32
		{F0265828-618F-4BAD-B4C4-8D3BF266B528}.Debug|Win32.ActiveCfg = Debug|Win32
		{F0265828-618F-4BAD-B4C4-8D3BF266B528}.Debug|Win32.Build.0 = Debug|Win32
		{F0265828-618F-4BAD-B4C4-8D3BF266B528}.Release - Just OpenGUI|Win32.ActiveCfg = Release|Win32
		{F0265828-618F-4BAD-B4C4-8D3BF266B528}.Release - Just OpenGUI|Win32.Build.0 = Release|Win32
		{F0265828-618F-4BAD-B4C4-8D3BF266B528}.Release|Win32.ActiveCfg = Release|Win32
		{F0265828-618F-4BAD-B4C4-8D3BF266B528}.Release|Win32.Build.0 = Release|Win32
		{FB5BBF2F-072F-49D9-94CF-EF94A3F03396}.Debug - Just OpenGUI|Win32.ActiveCfg = Debug|Win32
		{FB5BBF2F-072F-49D9-94CF-EF94A3F03396}.Debug|Win32.ActiveCfg = Debug|Win32
		{FB5BBF2F-072F-49D9-94CF-EF94A3F03396}.Debug|Win32.Build.0 = Debug|Win32
		{FB5BBF2F-072F-49D9-94CF-EF94A3F03396}.Release - Just OpenGUI|Win32.ActiveCfg = Release|Win32
		{FB5BBF2F-072F-49D9-94CF-EF94A3F03396}.Release|Win32.ActiveCfg = Release|Win32
		{FB5BBF2F-072F-49D9-94CF-EF94A3F03396}.Release|Win32.Build.0 = Release|Win32
	EndGlobalSection
	GlobalSection(SolutionProperties) = preSolution
		HideSolutionNode = FALSE
	EndGlobalSection
EndGlobal
