Microsoft Visual Studio Solution File, Format Version 8.00
Project("{8BC9CEB8-8B4A-11D0-8D11-00A0C91BC942}") = "OpenGUI", "OpenGUI\OpenGUI.vcproj", "{F0265828-618F-4BAD-B4C4-8D3BF266B528}"
	ProjectSection(ProjectDependencies) = postProject
		{627FE1C5-8CA3-4D05-8F10-19E6CEA17E1B} = {627FE1C5-8CA3-4D05-8F10-19E6CEA17E1B}
		{D0087BEB-3E7B-4004-BD4A-E4D071CF8D92} = {D0087BEB-3E7B-4004-BD4A-E4D071CF8D92}
	EndProjectSection
EndProject
Project("{8BC9CEB8-8B4A-11D0-8D11-00A0C91BC942}") = "tinyxml", "dependencies\tinyxml\tinyxml_lib.vcproj", "{627FE1C5-8CA3-4D05-8F10-19E6CEA17E1B}"
	ProjectSection(ProjectDependencies) = postProject
	EndProjectSection
EndProject
Project("{8BC9CEB8-8B4A-11D0-8D11-00A0C91BC942}") = "freetype", "dependencies\freetype2\builds\win32\visualc\freetype.vcproj", "{D0087BEB-3E7B-4004-BD4A-E4D071CF8D92}"
	ProjectSection(ProjectDependencies) = postProject
	EndProjectSection
EndProject
Project("{8BC9CEB8-8B4A-11D0-8D11-00A0C91BC942}") = "Amethyst", "Amethyst\Amethyst.vcproj", "{FB5BBF2F-072F-49D9-94CF-EF94A3F03396}"
	ProjectSection(ProjectDependencies) = postProject
		{F0265828-618F-4BAD-B4C4-8D3BF266B528} = {F0265828-618F-4BAD-B4C4-8D3BF266B528}
	EndProjectSection
EndProject
Global
	GlobalSection(SolutionConfiguration) = preSolution
		Debug = Debug
		Debug - Just OpenGUI = Debug - Just OpenGUI
		Release = Release
		Release - Just OpenGUI = Release - Just OpenGUI
	EndGlobalSection
	GlobalSection(ProjectConfiguration) = postSolution
		{F0265828-618F-4BAD-B4C4-8D3BF266B528}.Debug.ActiveCfg = Debug|Win32
		{F0265828-618F-4BAD-B4C4-8D3BF266B528}.Debug.Build.0 = Debug|Win32
		{F0265828-618F-4BAD-B4C4-8D3BF266B528}.Debug - Just OpenGUI.ActiveCfg = Debug|Win32
		{F0265828-618F-4BAD-B4C4-8D3BF266B528}.Debug - Just OpenGUI.Build.0 = Debug|Win32
		{F0265828-618F-4BAD-B4C4-8D3BF266B528}.Release.ActiveCfg = Release|Win32
		{F0265828-618F-4BAD-B4C4-8D3BF266B528}.Release.Build.0 = Release|Win32
		{F0265828-618F-4BAD-B4C4-8D3BF266B528}.Release - Just OpenGUI.ActiveCfg = Release|Win32
		{F0265828-618F-4BAD-B4C4-8D3BF266B528}.Release - Just OpenGUI.Build.0 = Release|Win32
		{627FE1C5-8CA3-4D05-8F10-19E6CEA17E1B}.Debug.ActiveCfg = Debug|Win32
		{627FE1C5-8CA3-4D05-8F10-19E6CEA17E1B}.Debug.Build.0 = Debug|Win32
		{627FE1C5-8CA3-4D05-8F10-19E6CEA17E1B}.Debug - Just OpenGUI.ActiveCfg = Debug|Win32
		{627FE1C5-8CA3-4D05-8F10-19E6CEA17E1B}.Debug - Just OpenGUI.Build.0 = Debug|Win32
		{627FE1C5-8CA3-4D05-8F10-19E6CEA17E1B}.Release.ActiveCfg = Release|Win32
		{627FE1C5-8CA3-4D05-8F10-19E6CEA17E1B}.Release.Build.0 = Release|Win32
		{627FE1C5-8CA3-4D05-8F10-19E6CEA17E1B}.Release - Just OpenGUI.ActiveCfg = Release|Win32
		{627FE1C5-8CA3-4D05-8F10-19E6CEA17E1B}.Release - Just OpenGUI.Build.0 = Release|Win32
		{D0087BEB-3E7B-4004-BD4A-E4D071CF8D92}.Debug.ActiveCfg = Debug|Win32
		{D0087BEB-3E7B-4004-BD4A-E4D071CF8D92}.Debug.Build.0 = Debug|Win32
		{D0087BEB-3E7B-4004-BD4A-E4D071CF8D92}.Debug - Just OpenGUI.ActiveCfg = Debug|Win32
		{D0087BEB-3E7B-4004-BD4A-E4D071CF8D92}.Debug - Just OpenGUI.Build.0 = Debug|Win32
		{D0087BEB-3E7B-4004-BD4A-E4D071CF8D92}.Release.ActiveCfg = Release|Win32
		{D0087BEB-3E7B-4004-BD4A-E4D071CF8D92}.Release.Build.0 = Release|Win32
		{D0087BEB-3E7B-4004-BD4A-E4D071CF8D92}.Release - Just OpenGUI.ActiveCfg = Release|Win32
		{D0087BEB-3E7B-4004-BD4A-E4D071CF8D92}.Release - Just OpenGUI.Build.0 = Release|Win32
		{FB5BBF2F-072F-49D9-94CF-EF94A3F03396}.Debug.ActiveCfg = Debug|Win32
		{FB5BBF2F-072F-49D9-94CF-EF94A3F03396}.Debug.Build.0 = Debug|Win32
		{FB5BBF2F-072F-49D9-94CF-EF94A3F03396}.Debug - Just OpenGUI.ActiveCfg = Debug|Win32
		{FB5BBF2F-072F-49D9-94CF-EF94A3F03396}.Release.ActiveCfg = Release|Win32
		{FB5BBF2F-072F-49D9-94CF-EF94A3F03396}.Release.Build.0 = Release|Win32
		{FB5BBF2F-072F-49D9-94CF-EF94A3F03396}.Release - Just OpenGUI.ActiveCfg = Release|Win32
	EndGlobalSection
	GlobalSection(ExtensibilityGlobals) = postSolution
	EndGlobalSection
	GlobalSection(ExtensibilityAddIns) = postSolution
	EndGlobalSection
EndGlobal
