<?xml version="1.0" encoding="UTF-8" standalone="yes" ?>
<CodeBlocks_project_file>
	<FileVersion major="1" minor="4" />
	<Project>
		<Option title="Demo1" />
		<Option pch_mode="2" />
		<Option compiler="gcc" />
		<Build>
			<Target title="Debug|Win32">
				<Option output="..\bin\Demo1_d.exe" />
				<Option object_output="Debug" />
				<Option external_deps=";..\Debug\libOpenGUI_OGLRenderer_d.a;..\Debug\libOpenGUI_d.a;..\bin\libTachometerWidget_d.a;" />
				<Option type="0" />
				<Option compiler="gcc" />
				<Compiler>
					<Add option="-W" />
					<Add option="-g" />
					<Add option="-O0" />
					<Add option="-DWIN32" />
					<Add option="-D_DEBUG" />
					<Add option="-D_WINDOWS" />
					<Add directory="..\..\OpenGUI" />
					<Add directory="..\glfw\include" />
				</Compiler>
				<Linker>
					<Add library="OpenGUI_d" />
					<Add library="glfw_d" />
					<Add library="opengl32" />
					<Add library="OpenGUI_OGLRenderer_d" />
					<Add library="..\Debug\libOpenGUI_OGLRenderer_d.a" />
					<Add library="..\Debug\libOpenGUI_d.a" />
					<Add library="..\bin\libTachometerWidget_d.a" />
					<Add directory="..\..\Debug" />
					<Add directory="..\glfw\lib\win32" />
				</Linker>
			</Target>
			<Target title="Release|Win32">
				<Option output="..\bin\Demo1.exe" />
				<Option object_output="Release" />
				<Option external_deps=";..\Release\libOpenGUI_OGLRenderer.a;..\Release\libOpenGUI.a;..\bin\libTachometerWidget.a;" />
				<Option type="0" />
				<Option compiler="gcc" />
				<Compiler>
					<Add option="-O2" />
					<Add option="-W" />
					<Add option="-DWIN32" />
					<Add option="-D_WINDOWS" />
					<Add directory="..\..\OpenGUI" />
					<Add directory="..\glfw\include" />
				</Compiler>
				<Linker>
					<Add library="OpenGUI" />
					<Add library="glfw" />
					<Add library="opengl32" />
					<Add library="OpenGUI_OGLRenderer" />
					<Add library="..\Release\libOpenGUI_OGLRenderer.a" />
					<Add library="..\Release\libOpenGUI.a" />
					<Add library="..\bin\libTachometerWidget.a" />
					<Add directory="..\..\Release" />
					<Add directory="..\glfw\lib\win32" />
				</Linker>
			</Target>
		</Build>
		<Unit filename="demo1.cpp">
			<Option compilerVar="CPP" />
			<Option target="Debug|Win32" />
			<Option target="Release|Win32" />
		</Unit>
		<Unit filename="..\DemoAppFramework\DemoAppFrameWork.cpp">
			<Option compilerVar="CPP" />
			<Option target="Debug|Win32" />
			<Option target="Release|Win32" />
		</Unit>
		<Unit filename="..\DemoAppFramework\DemoAppFrameWork.h">
			<Option compilerVar="CPP" />
			<Option compile="0" />
			<Option link="0" />
			<Option target="Debug|Win32" />
			<Option target="Release|Win32" />
		</Unit>
		<Extensions />
	</Project>
</CodeBlocks_project_file>