<?xml version="1.0" encoding="UTF-8" standalone="yes" ?>
<CodeBlocks_project_file>
	<FileVersion major="1" minor="4" />
	<Project>
		<Option title="corona" />
		<Option pch_mode="2" />
		<Option default_target="-1" />
		<Option compiler="gcc" />
		<Build>
			<Target title="Debug|Win32">
				<Option output="Debug\libcorona.a" />
				<Option working_dir="" />
				<Option object_output="Debug" />
				<Option type="2" />
				<Option compiler="gcc" />
				<Option createDefFile="1" />
				<Compiler>
					<Add option="-W" />
					<Add option="-g" />
					<Add option="-O0" />
					<Add option="-DWIN32" />
					<Add option="-D_DEBUG" />
					<Add option="-D_LIB" />
					<Add directory="src\zlib-1.1.4" />
					<Add directory="src\libungif-4.1.0" />
					<Add directory="src\libpng-1.2.1" />
					<Add directory="src\jpeg-6b" />
				</Compiler>
			</Target>
			<Target title="Release|Win32">
				<Option output="Release\libcorona.a" />
				<Option working_dir="" />
				<Option object_output="Release" />
				<Option type="2" />
				<Option compiler="gcc" />
				<Option createDefFile="1" />
				<Compiler>
					<Add option="-W" />
					<Add option="-DWIN32" />
					<Add option="-DNDEBUG" />
					<Add option="-D_LIB" />
					<Add directory="src\zlib-1.1.4" />
					<Add directory="src\libungif-4.1.0" />
					<Add directory="src\libpng-1.2.1" />
					<Add directory="src\jpeg-6b" />
				</Compiler>
			</Target>
		</Build>
		<Unit filename="src\Convert.cpp">
			<Option compilerVar="CPP" />
			<Option target="Debug|Win32" />
			<Option target="Release|Win32" />
		</Unit>
		<Unit filename="src\Corona.cpp">
			<Option compilerVar="CPP" />
			<Option target="Debug|Win32" />
			<Option target="Release|Win32" />
		</Unit>
		<Unit filename="src\Debug.cpp">
			<Option compilerVar="CPP" />
			<Option target="Debug|Win32" />
			<Option target="Release|Win32" />
		</Unit>
		<Unit filename="src\Debug.h">
			<Option compilerVar="CPP" />
			<Option compile="0" />
			<Option link="0" />
			<Option target="Debug|Win32" />
			<Option target="Release|Win32" />
		</Unit>
		<Unit filename="src\DefaultFileSystem.cpp">
			<Option compilerVar="CPP" />
			<Option target="Debug|Win32" />
			<Option target="Release|Win32" />
		</Unit>
		<Unit filename="src\MemoryFile.cpp">
			<Option compilerVar="CPP" />
			<Option target="Debug|Win32" />
			<Option target="Release|Win32" />
		</Unit>
		<Unit filename="src\MemoryFile.h">
			<Option compilerVar="CPP" />
			<Option compile="0" />
			<Option link="0" />
			<Option target="Debug|Win32" />
			<Option target="Release|Win32" />
		</Unit>
		<Unit filename="src\Open.h">
			<Option compilerVar="CPP" />
			<Option compile="0" />
			<Option link="0" />
			<Option target="Debug|Win32" />
			<Option target="Release|Win32" />
		</Unit>
		<Unit filename="src\OpenBMP.cpp">
			<Option compilerVar="CPP" />
			<Option target="Debug|Win32" />
			<Option target="Release|Win32" />
		</Unit>
		<Unit filename="src\OpenGIF.cpp">
			<Option compilerVar="CPP" />
			<Option target="Debug|Win32" />
			<Option target="Release|Win32" />
		</Unit>
		<Unit filename="src\OpenJPEG.cpp">
			<Option compilerVar="CPP" />
			<Option target="Debug|Win32" />
			<Option target="Release|Win32" />
		</Unit>
		<Unit filename="src\OpenPCX.cpp">
			<Option compilerVar="CPP" />
			<Option target="Debug|Win32" />
			<Option target="Release|Win32" />
		</Unit>
		<Unit filename="src\OpenPNG.cpp">
			<Option compilerVar="CPP" />
			<Option target="Debug|Win32" />
			<Option target="Release|Win32" />
		</Unit>
		<Unit filename="src\OpenTGA.cpp">
			<Option compilerVar="CPP" />
			<Option target="Debug|Win32" />
			<Option target="Release|Win32" />
		</Unit>
		<Unit filename="src\Save.h">
			<Option compilerVar="CPP" />
			<Option compile="0" />
			<Option link="0" />
			<Option target="Debug|Win32" />
			<Option target="Release|Win32" />
		</Unit>
		<Unit filename="src\SavePNG.cpp">
			<Option compilerVar="CPP" />
			<Option target="Debug|Win32" />
			<Option target="Release|Win32" />
		</Unit>
		<Unit filename="src\SaveTGA.cpp">
			<Option compilerVar="CPP" />
			<Option target="Debug|Win32" />
			<Option target="Release|Win32" />
		</Unit>
		<Unit filename="src\SimpleImage.h">
			<Option compilerVar="CPP" />
			<Option compile="0" />
			<Option link="0" />
			<Option target="Debug|Win32" />
			<Option target="Release|Win32" />
		</Unit>
		<Unit filename="src\Types.h">
			<Option compilerVar="CPP" />
			<Option compile="0" />
			<Option link="0" />
			<Option target="Debug|Win32" />
			<Option target="Release|Win32" />
		</Unit>
		<Unit filename="src\Utility.h">
			<Option compilerVar="CPP" />
			<Option compile="0" />
			<Option link="0" />
			<Option target="Debug|Win32" />
			<Option target="Release|Win32" />
		</Unit>
		<Unit filename="src\corona.h">
			<Option compilerVar="CPP" />
			<Option compile="0" />
			<Option link="0" />
			<Option target="Debug|Win32" />
			<Option target="Release|Win32" />
		</Unit>
		<Unit filename="src\jpeg-6b\jcapimin.c">
			<Option compilerVar="CC" />
			<Option target="Debug|Win32" />
			<Option target="Release|Win32" />
		</Unit>
		<Unit filename="src\jpeg-6b\jcapistd.c">
			<Option compilerVar="CC" />
			<Option target="Debug|Win32" />
			<Option target="Release|Win32" />
		</Unit>
		<Unit filename="src\jpeg-6b\jccoefct.c">
			<Option compilerVar="CC" />
			<Option target="Debug|Win32" />
			<Option target="Release|Win32" />
		</Unit>
		<Unit filename="src\jpeg-6b\jccolor.c">
			<Option compilerVar="CC" />
			<Option target="Debug|Win32" />
			<Option target="Release|Win32" />
		</Unit>
		<Unit filename="src\jpeg-6b\jcdctmgr.c">
			<Option compilerVar="CC" />
			<Option target="Debug|Win32" />
			<Option target="Release|Win32" />
		</Unit>
		<Unit filename="src\jpeg-6b\jchuff.c">
			<Option compilerVar="CC" />
			<Option target="Debug|Win32" />
			<Option target="Release|Win32" />
		</Unit>
		<Unit filename="src\jpeg-6b\jchuff.h">
			<Option compilerVar="CPP" />
			<Option compile="0" />
			<Option link="0" />
			<Option target="Debug|Win32" />
			<Option target="Release|Win32" />
		</Unit>
		<Unit filename="src\jpeg-6b\jcinit.c">
			<Option compilerVar="CC" />
			<Option target="Debug|Win32" />
			<Option target="Release|Win32" />
		</Unit>
		<Unit filename="src\jpeg-6b\jcmainct.c">
			<Option compilerVar="CC" />
			<Option target="Debug|Win32" />
			<Option target="Release|Win32" />
		</Unit>
		<Unit filename="src\jpeg-6b\jcmarker.c">
			<Option compilerVar="CC" />
			<Option target="Debug|Win32" />
			<Option target="Release|Win32" />
		</Unit>
		<Unit filename="src\jpeg-6b\jcmaster.c">
			<Option compilerVar="CC" />
			<Option target="Debug|Win32" />
			<Option target="Release|Win32" />
		</Unit>
		<Unit filename="src\jpeg-6b\jcomapi.c">
			<Option compilerVar="CC" />
			<Option target="Debug|Win32" />
			<Option target="Release|Win32" />
		</Unit>
		<Unit filename="src\jpeg-6b\jconfig.h">
			<Option compilerVar="CPP" />
			<Option compile="0" />
			<Option link="0" />
			<Option target="Debug|Win32" />
			<Option target="Release|Win32" />
		</Unit>
		<Unit filename="src\jpeg-6b\jcparam.c">
			<Option compilerVar="CC" />
			<Option target="Debug|Win32" />
			<Option target="Release|Win32" />
		</Unit>
		<Unit filename="src\jpeg-6b\jcphuff.c">
			<Option compilerVar="CC" />
			<Option target="Debug|Win32" />
			<Option target="Release|Win32" />
		</Unit>
		<Unit filename="src\jpeg-6b\jcprepct.c">
			<Option compilerVar="CC" />
			<Option target="Debug|Win32" />
			<Option target="Release|Win32" />
		</Unit>
		<Unit filename="src\jpeg-6b\jcsample.c">
			<Option compilerVar="CC" />
			<Option target="Debug|Win32" />
			<Option target="Release|Win32" />
		</Unit>
		<Unit filename="src\jpeg-6b\jctrans.c">
			<Option compilerVar="CC" />
			<Option target="Debug|Win32" />
			<Option target="Release|Win32" />
		</Unit>
		<Unit filename="src\jpeg-6b\jdapimin.c">
			<Option compilerVar="CC" />
			<Option target="Debug|Win32" />
			<Option target="Release|Win32" />
		</Unit>
		<Unit filename="src\jpeg-6b\jdapistd.c">
			<Option compilerVar="CC" />
			<Option target="Debug|Win32" />
			<Option target="Release|Win32" />
		</Unit>
		<Unit filename="src\jpeg-6b\jdatadst.c">
			<Option compilerVar="CC" />
			<Option target="Debug|Win32" />
			<Option target="Release|Win32" />
		</Unit>
		<Unit filename="src\jpeg-6b\jdatasrc.c">
			<Option compilerVar="CC" />
			<Option target="Debug|Win32" />
			<Option target="Release|Win32" />
		</Unit>
		<Unit filename="src\jpeg-6b\jdcoefct.c">
			<Option compilerVar="CC" />
			<Option target="Debug|Win32" />
			<Option target="Release|Win32" />
		</Unit>
		<Unit filename="src\jpeg-6b\jdcolor.c">
			<Option compilerVar="CC" />
			<Option target="Debug|Win32" />
			<Option target="Release|Win32" />
		</Unit>
		<Unit filename="src\jpeg-6b\jdct.h">
			<Option compilerVar="CPP" />
			<Option compile="0" />
			<Option link="0" />
			<Option target="Debug|Win32" />
			<Option target="Release|Win32" />
		</Unit>
		<Unit filename="src\jpeg-6b\jddctmgr.c">
			<Option compilerVar="CC" />
			<Option target="Debug|Win32" />
			<Option target="Release|Win32" />
		</Unit>
		<Unit filename="src\jpeg-6b\jdhuff.c">
			<Option compilerVar="CC" />
			<Option target="Debug|Win32" />
			<Option target="Release|Win32" />
		</Unit>
		<Unit filename="src\jpeg-6b\jdhuff.h">
			<Option compilerVar="CPP" />
			<Option compile="0" />
			<Option link="0" />
			<Option target="Debug|Win32" />
			<Option target="Release|Win32" />
		</Unit>
		<Unit filename="src\jpeg-6b\jdinput.c">
			<Option compilerVar="CC" />
			<Option target="Debug|Win32" />
			<Option target="Release|Win32" />
		</Unit>
		<Unit filename="src\jpeg-6b\jdmainct.c">
			<Option compilerVar="CC" />
			<Option target="Debug|Win32" />
			<Option target="Release|Win32" />
		</Unit>
		<Unit filename="src\jpeg-6b\jdmarker.c">
			<Option compilerVar="CC" />
			<Option target="Debug|Win32" />
			<Option target="Release|Win32" />
		</Unit>
		<Unit filename="src\jpeg-6b\jdmaster.c">
			<Option compilerVar="CC" />
			<Option target="Debug|Win32" />
			<Option target="Release|Win32" />
		</Unit>
		<Unit filename="src\jpeg-6b\jdmerge.c">
			<Option compilerVar="CC" />
			<Option target="Debug|Win32" />
			<Option target="Release|Win32" />
		</Unit>
		<Unit filename="src\jpeg-6b\jdphuff.c">
			<Option compilerVar="CC" />
			<Option target="Debug|Win32" />
			<Option target="Release|Win32" />
		</Unit>
		<Unit filename="src\jpeg-6b\jdpostct.c">
			<Option compilerVar="CC" />
			<Option target="Debug|Win32" />
			<Option target="Release|Win32" />
		</Unit>
		<Unit filename="src\jpeg-6b\jdsample.c">
			<Option compilerVar="CC" />
			<Option target="Debug|Win32" />
			<Option target="Release|Win32" />
		</Unit>
		<Unit filename="src\jpeg-6b\jdtrans.c">
			<Option compilerVar="CC" />
			<Option target="Debug|Win32" />
			<Option target="Release|Win32" />
		</Unit>
		<Unit filename="src\jpeg-6b\jerror.c">
			<Option compilerVar="CC" />
			<Option target="Debug|Win32" />
			<Option target="Release|Win32" />
		</Unit>
		<Unit filename="src\jpeg-6b\jerror.h">
			<Option compilerVar="CPP" />
			<Option compile="0" />
			<Option link="0" />
			<Option target="Debug|Win32" />
			<Option target="Release|Win32" />
		</Unit>
		<Unit filename="src\jpeg-6b\jfdctflt.c">
			<Option compilerVar="CC" />
			<Option target="Debug|Win32" />
			<Option target="Release|Win32" />
		</Unit>
		<Unit filename="src\jpeg-6b\jfdctfst.c">
			<Option compilerVar="CC" />
			<Option target="Debug|Win32" />
			<Option target="Release|Win32" />
		</Unit>
		<Unit filename="src\jpeg-6b\jfdctint.c">
			<Option compilerVar="CC" />
			<Option target="Debug|Win32" />
			<Option target="Release|Win32" />
		</Unit>
		<Unit filename="src\jpeg-6b\jidctflt.c">
			<Option compilerVar="CC" />
			<Option target="Debug|Win32" />
			<Option target="Release|Win32" />
		</Unit>
		<Unit filename="src\jpeg-6b\jidctfst.c">
			<Option compilerVar="CC" />
			<Option target="Debug|Win32" />
			<Option target="Release|Win32" />
		</Unit>
		<Unit filename="src\jpeg-6b\jidctint.c">
			<Option compilerVar="CC" />
			<Option target="Debug|Win32" />
			<Option target="Release|Win32" />
		</Unit>
		<Unit filename="src\jpeg-6b\jidctred.c">
			<Option compilerVar="CC" />
			<Option target="Debug|Win32" />
			<Option target="Release|Win32" />
		</Unit>
		<Unit filename="src\jpeg-6b\jinclude.h">
			<Option compilerVar="CPP" />
			<Option compile="0" />
			<Option link="0" />
			<Option target="Debug|Win32" />
			<Option target="Release|Win32" />
		</Unit>
		<Unit filename="src\jpeg-6b\jmemmgr.c">
			<Option compilerVar="CC" />
			<Option target="Debug|Win32" />
			<Option target="Release|Win32" />
		</Unit>
		<Unit filename="src\jpeg-6b\jmemnobs.c">
			<Option compilerVar="CC" />
			<Option target="Debug|Win32" />
			<Option target="Release|Win32" />
		</Unit>
		<Unit filename="src\jpeg-6b\jmemsys.h">
			<Option compilerVar="CPP" />
			<Option compile="0" />
			<Option link="0" />
			<Option target="Debug|Win32" />
			<Option target="Release|Win32" />
		</Unit>
		<Unit filename="src\jpeg-6b\jmorecfg.h">
			<Option compilerVar="CPP" />
			<Option compile="0" />
			<Option link="0" />
			<Option target="Debug|Win32" />
			<Option target="Release|Win32" />
		</Unit>
		<Unit filename="src\jpeg-6b\jpegint.h">
			<Option compilerVar="CPP" />
			<Option compile="0" />
			<Option link="0" />
			<Option target="Debug|Win32" />
			<Option target="Release|Win32" />
		</Unit>
		<Unit filename="src\jpeg-6b\jpeglib.h">
			<Option compilerVar="CPP" />
			<Option compile="0" />
			<Option link="0" />
			<Option target="Debug|Win32" />
			<Option target="Release|Win32" />
		</Unit>
		<Unit filename="src\jpeg-6b\jquant1.c">
			<Option compilerVar="CC" />
			<Option target="Debug|Win32" />
			<Option target="Release|Win32" />
		</Unit>
		<Unit filename="src\jpeg-6b\jquant2.c">
			<Option compilerVar="CC" />
			<Option target="Debug|Win32" />
			<Option target="Release|Win32" />
		</Unit>
		<Unit filename="src\jpeg-6b\jutils.c">
			<Option compilerVar="CC" />
			<Option target="Debug|Win32" />
			<Option target="Release|Win32" />
		</Unit>
		<Unit filename="src\jpeg-6b\jversion.h">
			<Option compilerVar="CPP" />
			<Option compile="0" />
			<Option link="0" />
			<Option target="Debug|Win32" />
			<Option target="Release|Win32" />
		</Unit>
		<Unit filename="src\libpng-1.2.1\png.c">
			<Option compilerVar="CC" />
			<Option target="Debug|Win32" />
			<Option target="Release|Win32" />
		</Unit>
		<Unit filename="src\libpng-1.2.1\png.h">
			<Option compilerVar="CPP" />
			<Option compile="0" />
			<Option link="0" />
			<Option target="Debug|Win32" />
			<Option target="Release|Win32" />
		</Unit>
		<Unit filename="src\libpng-1.2.1\pngasmrd.h">
			<Option compilerVar="CPP" />
			<Option compile="0" />
			<Option link="0" />
			<Option target="Debug|Win32" />
			<Option target="Release|Win32" />
		</Unit>
		<Unit filename="src\libpng-1.2.1\pngconf.h">
			<Option compilerVar="CPP" />
			<Option compile="0" />
			<Option link="0" />
			<Option target="Debug|Win32" />
			<Option target="Release|Win32" />
		</Unit>
		<Unit filename="src\libpng-1.2.1\pngerror.c">
			<Option compilerVar="CC" />
			<Option target="Debug|Win32" />
			<Option target="Release|Win32" />
		</Unit>
		<Unit filename="src\libpng-1.2.1\pnggccrd.c">
			<Option compilerVar="CC" />
			<Option target="Debug|Win32" />
			<Option target="Release|Win32" />
		</Unit>
		<Unit filename="src\libpng-1.2.1\pngget.c">
			<Option compilerVar="CC" />
			<Option target="Debug|Win32" />
			<Option target="Release|Win32" />
		</Unit>
		<Unit filename="src\libpng-1.2.1\pngmem.c">
			<Option compilerVar="CC" />
			<Option target="Debug|Win32" />
			<Option target="Release|Win32" />
		</Unit>
		<Unit filename="src\libpng-1.2.1\pngpread.c">
			<Option compilerVar="CC" />
			<Option target="Debug|Win32" />
			<Option target="Release|Win32" />
		</Unit>
		<Unit filename="src\libpng-1.2.1\pngread.c">
			<Option compilerVar="CC" />
			<Option target="Debug|Win32" />
			<Option target="Release|Win32" />
		</Unit>
		<Unit filename="src\libpng-1.2.1\pngrio.c">
			<Option compilerVar="CC" />
			<Option target="Debug|Win32" />
			<Option target="Release|Win32" />
		</Unit>
		<Unit filename="src\libpng-1.2.1\pngrtran.c">
			<Option compilerVar="CC" />
			<Option target="Debug|Win32" />
			<Option target="Release|Win32" />
		</Unit>
		<Unit filename="src\libpng-1.2.1\pngrutil.c">
			<Option compilerVar="CC" />
			<Option target="Debug|Win32" />
			<Option target="Release|Win32" />
		</Unit>
		<Unit filename="src\libpng-1.2.1\pngset.c">
			<Option compilerVar="CC" />
			<Option target="Debug|Win32" />
			<Option target="Release|Win32" />
		</Unit>
		<Unit filename="src\libpng-1.2.1\pngtest.c">
			<Option compilerVar="CC" />
			<Option target="Debug|Win32" />
			<Option target="Release|Win32" />
		</Unit>
		<Unit filename="src\libpng-1.2.1\pngtrans.c">
			<Option compilerVar="CC" />
			<Option target="Debug|Win32" />
			<Option target="Release|Win32" />
		</Unit>
		<Unit filename="src\libpng-1.2.1\pngvcrd.c">
			<Option compilerVar="CC" />
			<Option target="Debug|Win32" />
			<Option target="Release|Win32" />
		</Unit>
		<Unit filename="src\libpng-1.2.1\pngwio.c">
			<Option compilerVar="CC" />
			<Option target="Debug|Win32" />
			<Option target="Release|Win32" />
		</Unit>
		<Unit filename="src\libpng-1.2.1\pngwrite.c">
			<Option compilerVar="CC" />
			<Option target="Debug|Win32" />
			<Option target="Release|Win32" />
		</Unit>
		<Unit filename="src\libpng-1.2.1\pngwtran.c">
			<Option compilerVar="CC" />
			<Option target="Debug|Win32" />
			<Option target="Release|Win32" />
		</Unit>
		<Unit filename="src\libpng-1.2.1\pngwutil.c">
			<Option compilerVar="CC" />
			<Option target="Debug|Win32" />
			<Option target="Release|Win32" />
		</Unit>
		<Unit filename="src\libungif-4.1.0\dgif_lib.c">
			<Option compilerVar="CC" />
			<Option target="Debug|Win32" />
			<Option target="Release|Win32" />
		</Unit>
		<Unit filename="src\libungif-4.1.0\gif_err.c">
			<Option compilerVar="CC" />
			<Option target="Debug|Win32" />
			<Option target="Release|Win32" />
		</Unit>
		<Unit filename="src\libungif-4.1.0\gif_lib.h">
			<Option compilerVar="CPP" />
			<Option compile="0" />
			<Option link="0" />
			<Option target="Debug|Win32" />
			<Option target="Release|Win32" />
		</Unit>
		<Unit filename="src\libungif-4.1.0\gif_lib_private.h">
			<Option compilerVar="CPP" />
			<Option compile="0" />
			<Option link="0" />
			<Option target="Debug|Win32" />
			<Option target="Release|Win32" />
		</Unit>
		<Unit filename="src\libungif-4.1.0\gifalloc.c">
			<Option compilerVar="CC" />
			<Option target="Debug|Win32" />
			<Option target="Release|Win32" />
		</Unit>
		<Unit filename="src\zlib-1.1.4\adler32.c">
			<Option compilerVar="CC" />
			<Option target="Debug|Win32" />
			<Option target="Release|Win32" />
		</Unit>
		<Unit filename="src\zlib-1.1.4\compress.c">
			<Option compilerVar="CC" />
			<Option target="Debug|Win32" />
			<Option target="Release|Win32" />
		</Unit>
		<Unit filename="src\zlib-1.1.4\crc32.c">
			<Option compilerVar="CC" />
			<Option target="Debug|Win32" />
			<Option target="Release|Win32" />
		</Unit>
		<Unit filename="src\zlib-1.1.4\deflate.c">
			<Option compilerVar="CC" />
			<Option target="Debug|Win32" />
			<Option target="Release|Win32" />
		</Unit>
		<Unit filename="src\zlib-1.1.4\deflate.h">
			<Option compilerVar="CPP" />
			<Option compile="0" />
			<Option link="0" />
			<Option target="Debug|Win32" />
			<Option target="Release|Win32" />
		</Unit>
		<Unit filename="src\zlib-1.1.4\gzio.c">
			<Option compilerVar="CC" />
			<Option target="Debug|Win32" />
			<Option target="Release|Win32" />
		</Unit>
		<Unit filename="src\zlib-1.1.4\infblock.c">
			<Option compilerVar="CC" />
			<Option target="Debug|Win32" />
			<Option target="Release|Win32" />
		</Unit>
		<Unit filename="src\zlib-1.1.4\infblock.h">
			<Option compilerVar="CPP" />
			<Option compile="0" />
			<Option link="0" />
			<Option target="Debug|Win32" />
			<Option target="Release|Win32" />
		</Unit>
		<Unit filename="src\zlib-1.1.4\infcodes.c">
			<Option compilerVar="CC" />
			<Option target="Debug|Win32" />
			<Option target="Release|Win32" />
		</Unit>
		<Unit filename="src\zlib-1.1.4\infcodes.h">
			<Option compilerVar="CPP" />
			<Option compile="0" />
			<Option link="0" />
			<Option target="Debug|Win32" />
			<Option target="Release|Win32" />
		</Unit>
		<Unit filename="src\zlib-1.1.4\inffast.c">
			<Option compilerVar="CC" />
			<Option target="Debug|Win32" />
			<Option target="Release|Win32" />
		</Unit>
		<Unit filename="src\zlib-1.1.4\inffast.h">
			<Option compilerVar="CPP" />
			<Option compile="0" />
			<Option link="0" />
			<Option target="Debug|Win32" />
			<Option target="Release|Win32" />
		</Unit>
		<Unit filename="src\zlib-1.1.4\inffixed.h">
			<Option compilerVar="CPP" />
			<Option compile="0" />
			<Option link="0" />
			<Option target="Debug|Win32" />
			<Option target="Release|Win32" />
		</Unit>
		<Unit filename="src\zlib-1.1.4\inflate.c">
			<Option compilerVar="CC" />
			<Option target="Debug|Win32" />
			<Option target="Release|Win32" />
		</Unit>
		<Unit filename="src\zlib-1.1.4\inftrees.c">
			<Option compilerVar="CC" />
			<Option target="Debug|Win32" />
			<Option target="Release|Win32" />
		</Unit>
		<Unit filename="src\zlib-1.1.4\inftrees.h">
			<Option compilerVar="CPP" />
			<Option compile="0" />
			<Option link="0" />
			<Option target="Debug|Win32" />
			<Option target="Release|Win32" />
		</Unit>
		<Unit filename="src\zlib-1.1.4\infutil.c">
			<Option compilerVar="CC" />
			<Option target="Debug|Win32" />
			<Option target="Release|Win32" />
		</Unit>
		<Unit filename="src\zlib-1.1.4\infutil.h">
			<Option compilerVar="CPP" />
			<Option compile="0" />
			<Option link="0" />
			<Option target="Debug|Win32" />
			<Option target="Release|Win32" />
		</Unit>
		<Unit filename="src\zlib-1.1.4\trees.c">
			<Option compilerVar="CC" />
			<Option target="Debug|Win32" />
			<Option target="Release|Win32" />
		</Unit>
		<Unit filename="src\zlib-1.1.4\trees.h">
			<Option compilerVar="CPP" />
			<Option compile="0" />
			<Option link="0" />
			<Option target="Debug|Win32" />
			<Option target="Release|Win32" />
		</Unit>
		<Unit filename="src\zlib-1.1.4\uncompr.c">
			<Option compilerVar="CC" />
			<Option target="Debug|Win32" />
			<Option target="Release|Win32" />
		</Unit>
		<Unit filename="src\zlib-1.1.4\zconf.h">
			<Option compilerVar="CPP" />
			<Option compile="0" />
			<Option link="0" />
			<Option target="Debug|Win32" />
			<Option target="Release|Win32" />
		</Unit>
		<Unit filename="src\zlib-1.1.4\zlib.h">
			<Option compilerVar="CPP" />
			<Option compile="0" />
			<Option link="0" />
			<Option target="Debug|Win32" />
			<Option target="Release|Win32" />
		</Unit>
		<Unit filename="src\zlib-1.1.4\zutil.c">
			<Option compilerVar="CC" />
			<Option target="Debug|Win32" />
			<Option target="Release|Win32" />
		</Unit>
		<Unit filename="src\zlib-1.1.4\zutil.h">
			<Option compilerVar="CPP" />
			<Option compile="0" />
			<Option link="0" />
			<Option target="Debug|Win32" />
			<Option target="Release|Win32" />
		</Unit>
		<Extensions />
	</Project>
</CodeBlocks_project_file>