<?xml version="1.0" encoding="UTF-8" standalone="yes" ?>
<CodeBlocks_project_file>
	<FileVersion major="1" minor="4" />
	<Project>
		<Option title="OpenGUI" />
		<Option pch_mode="2" />
		<Option default_target="-1" />
		<Option compiler="gcc" />
		<Build>
			<Target title="Debug|Win32">
				<Option output="..\Debug\OpenGUI_d.dll" />
				<Option object_output="..\Debug" />
				<Option type="3" />
				<Option compiler="gcc" />
				<Option createDefFile="1" />
				<Option createStaticLib="1" />
				<Compiler>
					<Add option="-g" />
					<Add option="-DWIN32" />
					<Add option="-D_DEBUG" />
					<Add option="-D_WINDOWS" />
					<Add option="-D_USRDLL" />
					<Add option="-DOPENGUI_EXPORTS" />
					<Add option="-D_STLP_DEBUG" />
					<Add directory="..\dependancies\corona\src" />
					<Add directory="..\dependancies\tinyxml" />
					<Add directory="..\dependancies\freetype2\include" />
				</Compiler>
				<Linker>
					<Add library="libtinyxmld.a" />
					<Add library="libcorona.a" />
					<Add library="libfreetype2110_D.a" />
					<Add library="winmm" />
					<Add library="stlportstlg.5.0" />
					<Add directory="..\dependancies\OgreSDK_mingw\bin\debug" />
					<Add directory="..\dependancies\corona\debug" />
					<Add directory="..\dependancies\tinyxml\Debug" />
					<Add directory="..\dependancies\freetype2\objs" />
				</Linker>
			</Target>
			<Target title="Release|Win32">
				<Option output="..\Release\OpenGUI.dll" />
				<Option object_output="..\Release" />
				<Option external_deps="Release\libtinyxml.a;Release\libcorona.a;..\..\..\objs\libfreetype2110ST.a;" />
				<Option type="3" />
				<Option compiler="gcc" />
				<Option createDefFile="1" />
				<Option createStaticLib="1" />
				<Compiler>
					<Add option="-W" />
					<Add option="-DWIN32" />
					<Add option="-DNDEBUG" />
					<Add option="-D_WINDOWS" />
					<Add option="-D_USRDLL" />
					<Add option="-DOPENGUI_EXPORTS" />
					<Add directory="..\dependancies\corona\src" />
					<Add directory="..\dependancies\tinyxml" />
					<Add directory="..\dependancies\freetype2\include" />
				</Compiler>
				<Linker>
					<Add library="winmm" />
					<Add library="libtinyxml.a" />
					<Add library="libcorona.a" />
					<Add library="libfreetype2110.a" />
					<Add directory="..\dependancies\corona\release" />
					<Add directory="..\dependancies\tinyxml\Release" />
					<Add directory="..\dependancies\freetype2\objs" />
				</Linker>
			</Target>
		</Build>
		<Compiler>
			<Add option="-mthreads" />
			<Add option="-fmessage-length=0" />
			<Add option="-fexceptions" />
			<Add option="-fident" />
			<Add option="-D_STLP_NO_CUSTOM_IO" />
			<Add option="-D_STLP_USE_DYNAMIC_LIB" />
			<Add directory="..\dependancies\OgreSDK_mingw\stlport\stlport" />
		</Compiler>
		<Linker>
			<Add option="-Wl,--enable-auto-image-base" />
			<Add option="-Wl,--add-stdcall-alias" />
		</Linker>
		<Unit filename="OpenGUI.cpp">
			<Option compilerVar="CPP" />
			<Option target="Debug|Win32" />
			<Option target="Release|Win32" />
		</Unit>
		<Unit filename="OpenGUI.h">
			<Option compilerVar="CPP" />
			<Option compile="0" />
			<Option link="0" />
			<Option target="Debug|Win32" />
			<Option target="Release|Win32" />
		</Unit>
		<Unit filename="OpenGUI_BaseWidgets.h">
			<Option compilerVar="CPP" />
			<Option compile="0" />
			<Option link="0" />
			<Option target="Debug|Win32" />
			<Option target="Release|Win32" />
		</Unit>
		<Unit filename="OpenGUI_CONFIG.h">
			<Option compilerVar="CPP" />
			<Option compile="0" />
			<Option link="0" />
			<Option target="Debug|Win32" />
			<Option target="Release|Win32" />
		</Unit>
		<Unit filename="OpenGUI_Cursor.cpp">
			<Option compilerVar="CPP" />
			<Option target="Debug|Win32" />
			<Option target="Release|Win32" />
		</Unit>
		<Unit filename="OpenGUI_Cursor.h">
			<Option compilerVar="CPP" />
			<Option compile="0" />
			<Option link="0" />
			<Option target="Debug|Win32" />
			<Option target="Release|Win32" />
		</Unit>
		<Unit filename="OpenGUI_CursorManager.cpp">
			<Option compilerVar="CPP" />
			<Option target="Debug|Win32" />
			<Option target="Release|Win32" />
		</Unit>
		<Unit filename="OpenGUI_CursorManager.h">
			<Option compilerVar="CPP" />
			<Option compile="0" />
			<Option link="0" />
			<Option target="Debug|Win32" />
			<Option target="Release|Win32" />
		</Unit>
		<Unit filename="OpenGUI_DynamicLib.cpp">
			<Option compilerVar="CPP" />
			<Option target="Debug|Win32" />
			<Option target="Release|Win32" />
		</Unit>
		<Unit filename="OpenGUI_DynamicLib.h">
			<Option compilerVar="CPP" />
			<Option compile="0" />
			<Option link="0" />
			<Option target="Debug|Win32" />
			<Option target="Release|Win32" />
		</Unit>
		<Unit filename="OpenGUI_Element.cpp">
			<Option compilerVar="CPP" />
			<Option target="Debug|Win32" />
			<Option target="Release|Win32" />
		</Unit>
		<Unit filename="OpenGUI_Element.h">
			<Option compilerVar="CPP" />
			<Option compile="0" />
			<Option link="0" />
			<Option target="Debug|Win32" />
			<Option target="Release|Win32" />
		</Unit>
		<Unit filename="OpenGUI_Event.h">
			<Option compilerVar="CPP" />
			<Option compile="0" />
			<Option link="0" />
			<Option target="Debug|Win32" />
			<Option target="Release|Win32" />
		</Unit>
		<Unit filename="OpenGUI_EventListener.cpp">
			<Option compilerVar="CPP" />
			<Option target="Debug|Win32" />
			<Option target="Release|Win32" />
		</Unit>
		<Unit filename="OpenGUI_EventListener.h">
			<Option compilerVar="CPP" />
			<Option compile="0" />
			<Option link="0" />
			<Option target="Debug|Win32" />
			<Option target="Release|Win32" />
		</Unit>
		<Unit filename="OpenGUI_Exception.cpp">
			<Option compilerVar="CPP" />
			<Option target="Debug|Win32" />
			<Option target="Release|Win32" />
		</Unit>
		<Unit filename="OpenGUI_Exception.h">
			<Option compilerVar="CPP" />
			<Option compile="0" />
			<Option link="0" />
			<Option target="Debug|Win32" />
			<Option target="Release|Win32" />
		</Unit>
		<Unit filename="OpenGUI_Exports.h">
			<Option compilerVar="CPP" />
			<Option compile="0" />
			<Option link="0" />
			<Option target="Debug|Win32" />
			<Option target="Release|Win32" />
		</Unit>
		<Unit filename="OpenGUI_Font.cpp">
			<Option compilerVar="CPP" />
			<Option target="Debug|Win32" />
			<Option target="Release|Win32" />
		</Unit>
		<Unit filename="OpenGUI_Font.h">
			<Option compilerVar="CPP" />
			<Option compile="0" />
			<Option link="0" />
			<Option target="Debug|Win32" />
			<Option target="Release|Win32" />
		</Unit>
		<Unit filename="OpenGUI_FontAtlas.cpp">
			<Option compilerVar="CPP" />
			<Option target="Debug|Win32" />
			<Option target="Release|Win32" />
		</Unit>
		<Unit filename="OpenGUI_FontAtlas.h">
			<Option compilerVar="CPP" />
			<Option compile="0" />
			<Option link="0" />
			<Option target="Debug|Win32" />
			<Option target="Release|Win32" />
		</Unit>
		<Unit filename="OpenGUI_FontCache.cpp">
			<Option compilerVar="CPP" />
			<Option target="Debug|Win32" />
			<Option target="Release|Win32" />
		</Unit>
		<Unit filename="OpenGUI_FontCache.h">
			<Option compilerVar="CPP" />
			<Option compile="0" />
			<Option link="0" />
			<Option target="Debug|Win32" />
			<Option target="Release|Win32" />
		</Unit>
		<Unit filename="OpenGUI_FontGlyph.h">
			<Option compilerVar="CPP" />
			<Option compile="0" />
			<Option link="0" />
			<Option target="Debug|Win32" />
			<Option target="Release|Win32" />
		</Unit>
		<Unit filename="OpenGUI_FontManager.cpp">
			<Option compilerVar="CPP" />
			<Option target="Debug|Win32" />
			<Option target="Release|Win32" />
		</Unit>
		<Unit filename="OpenGUI_FontManager.h">
			<Option compilerVar="CPP" />
			<Option compile="0" />
			<Option link="0" />
			<Option target="Debug|Win32" />
			<Option target="Release|Win32" />
		</Unit>
		<Unit filename="OpenGUI_GUISheet.cpp">
			<Option compilerVar="CPP" />
			<Option target="Debug|Win32" />
			<Option target="Release|Win32" />
		</Unit>
		<Unit filename="OpenGUI_GUISheet.h">
			<Option compilerVar="CPP" />
			<Option compile="0" />
			<Option link="0" />
			<Option target="Debug|Win32" />
			<Option target="Release|Win32" />
		</Unit>
		<Unit filename="OpenGUI_GenericCursor.cpp">
			<Option compilerVar="CPP" />
			<Option target="Debug|Win32" />
			<Option target="Release|Win32" />
		</Unit>
		<Unit filename="OpenGUI_GenericCursor.h">
			<Option compilerVar="CPP" />
			<Option compile="0" />
			<Option link="0" />
			<Option target="Debug|Win32" />
			<Option target="Release|Win32" />
		</Unit>
		<Unit filename="OpenGUI_GenericResourceProvider.cpp">
			<Option compilerVar="CPP" />
			<Option target="Debug|Win32" />
			<Option target="Release|Win32" />
		</Unit>
		<Unit filename="OpenGUI_GenericResourceProvider.h">
			<Option compilerVar="CPP" />
			<Option compile="0" />
			<Option link="0" />
			<Option target="Debug|Win32" />
			<Option target="Release|Win32" />
		</Unit>
		<Unit filename="OpenGUI_Imagery.cpp">
			<Option compilerVar="CPP" />
			<Option target="Debug|Win32" />
			<Option target="Release|Win32" />
		</Unit>
		<Unit filename="OpenGUI_Imagery.h">
			<Option compilerVar="CPP" />
			<Option compile="0" />
			<Option link="0" />
			<Option target="Debug|Win32" />
			<Option target="Release|Win32" />
		</Unit>
		<Unit filename="OpenGUI_ImageryManager.cpp">
			<Option compilerVar="CPP" />
			<Option target="Debug|Win32" />
			<Option target="Release|Win32" />
		</Unit>
		<Unit filename="OpenGUI_ImageryManager.h">
			<Option compilerVar="CPP" />
			<Option compile="0" />
			<Option link="0" />
			<Option target="Debug|Win32" />
			<Option target="Release|Win32" />
		</Unit>
		<Unit filename="OpenGUI_Imageset.cpp">
			<Option compilerVar="CPP" />
			<Option target="Debug|Win32" />
			<Option target="Release|Win32" />
		</Unit>
		<Unit filename="OpenGUI_Imageset.h">
			<Option compilerVar="CPP" />
			<Option compile="0" />
			<Option link="0" />
			<Option target="Debug|Win32" />
			<Option target="Release|Win32" />
		</Unit>
		<Unit filename="OpenGUI_LayoutLoader.cpp">
			<Option compilerVar="CPP" />
			<Option target="Debug|Win32" />
			<Option target="Release|Win32" />
		</Unit>
		<Unit filename="OpenGUI_LayoutLoader.h">
			<Option compilerVar="CPP" />
			<Option compile="0" />
			<Option link="0" />
			<Option target="Debug|Win32" />
			<Option target="Release|Win32" />
		</Unit>
		<Unit filename="OpenGUI_LogSystem.cpp">
			<Option compilerVar="CPP" />
			<Option target="Debug|Win32" />
			<Option target="Release|Win32" />
		</Unit>
		<Unit filename="OpenGUI_LogSystem.h">
			<Option compilerVar="CPP" />
			<Option compile="0" />
			<Option link="0" />
			<Option target="Debug|Win32" />
			<Option target="Release|Win32" />
		</Unit>
		<Unit filename="OpenGUI_Message.h">
			<Option compilerVar="CPP" />
			<Option compile="0" />
			<Option link="0" />
			<Option target="Debug|Win32" />
			<Option target="Release|Win32" />
		</Unit>
		<Unit filename="OpenGUI_MouseButton.h">
			<Option compilerVar="CPP" />
			<Option compile="0" />
			<Option link="0" />
			<Option target="Debug|Win32" />
			<Option target="Release|Win32" />
		</Unit>
		<Unit filename="OpenGUI_Platform.h">
			<Option compilerVar="CPP" />
			<Option compile="0" />
			<Option link="0" />
			<Option target="Debug|Win32" />
			<Option target="Release|Win32" />
		</Unit>
		<Unit filename="OpenGUI_PluginManager.cpp">
			<Option compilerVar="CPP" />
			<Option target="Debug|Win32" />
			<Option target="Release|Win32" />
		</Unit>
		<Unit filename="OpenGUI_PluginManager.h">
			<Option compilerVar="CPP" />
			<Option compile="0" />
			<Option link="0" />
			<Option target="Debug|Win32" />
			<Option target="Release|Win32" />
		</Unit>
		<Unit filename="OpenGUI_PreRequisites.h">
			<Option compilerVar="CPP" />
			<Option compile="0" />
			<Option link="0" />
			<Option target="Debug|Win32" />
			<Option target="Release|Win32" />
		</Unit>
		<Unit filename="OpenGUI_Primitives.h">
			<Option compilerVar="CPP" />
			<Option compile="0" />
			<Option link="0" />
			<Option target="Debug|Win32" />
			<Option target="Release|Win32" />
		</Unit>
		<Unit filename="OpenGUI_Primitives_Geometric.cpp">
			<Option compilerVar="CPP" />
			<Option target="Debug|Win32" />
			<Option target="Release|Win32" />
		</Unit>
		<Unit filename="OpenGUI_Primitives_Geometric.h">
			<Option compilerVar="CPP" />
			<Option compile="0" />
			<Option link="0" />
			<Option target="Debug|Win32" />
			<Option target="Release|Win32" />
		</Unit>
		<Unit filename="OpenGUI_Primitives_Mutations.cpp">
			<Option compilerVar="CPP" />
			<Option target="Debug|Win32" />
			<Option target="Release|Win32" />
		</Unit>
		<Unit filename="OpenGUI_Primitives_Mutations.h">
			<Option compilerVar="CPP" />
			<Option compile="0" />
			<Option link="0" />
			<Option target="Debug|Win32" />
			<Option target="Release|Win32" />
		</Unit>
		<Unit filename="OpenGUI_Primitives_Text.cpp">
			<Option compilerVar="CPP" />
			<Option target="Debug|Win32" />
			<Option target="Release|Win32" />
		</Unit>
		<Unit filename="OpenGUI_Primitives_Text.h">
			<Option compilerVar="CPP" />
			<Option compile="0" />
			<Option link="0" />
			<Option target="Debug|Win32" />
			<Option target="Release|Win32" />
		</Unit>
		<Unit filename="OpenGUI_PropertySet.cpp">
			<Option compilerVar="CPP" />
			<Option target="Debug|Win32" />
			<Option target="Release|Win32" />
		</Unit>
		<Unit filename="OpenGUI_PropertySet.h">
			<Option compilerVar="CPP" />
			<Option compile="0" />
			<Option link="0" />
			<Option target="Debug|Win32" />
			<Option target="Release|Win32" />
		</Unit>
		<Unit filename="OpenGUI_RefPtr.h">
			<Option compilerVar="CPP" />
			<Option compile="0" />
			<Option link="0" />
			<Option target="Debug|Win32" />
			<Option target="Release|Win32" />
		</Unit>
		<Unit filename="OpenGUI_RenderCache.cpp">
			<Option compilerVar="CPP" />
			<Option target="Debug|Win32" />
			<Option target="Release|Win32" />
		</Unit>
		<Unit filename="OpenGUI_RenderCache.h">
			<Option compilerVar="CPP" />
			<Option compile="0" />
			<Option link="0" />
			<Option target="Debug|Win32" />
			<Option target="Release|Win32" />
		</Unit>
		<Unit filename="OpenGUI_RenderOperation.cpp">
			<Option compilerVar="CPP" />
			<Option target="Debug|Win32" />
			<Option target="Release|Win32" />
		</Unit>
		<Unit filename="OpenGUI_RenderOperation.h">
			<Option compilerVar="CPP" />
			<Option compile="0" />
			<Option link="0" />
			<Option target="Debug|Win32" />
			<Option target="Release|Win32" />
		</Unit>
		<Unit filename="OpenGUI_Renderer.cpp">
			<Option compilerVar="CPP" />
			<Option target="Debug|Win32" />
			<Option target="Release|Win32" />
		</Unit>
		<Unit filename="OpenGUI_Renderer.h">
			<Option compilerVar="CPP" />
			<Option compile="0" />
			<Option link="0" />
			<Option target="Debug|Win32" />
			<Option target="Release|Win32" />
		</Unit>
		<Unit filename="OpenGUI_Resource.h">
			<Option compilerVar="CPP" />
			<Option compile="0" />
			<Option link="0" />
			<Option target="Debug|Win32" />
			<Option target="Release|Win32" />
		</Unit>
		<Unit filename="OpenGUI_ResourceProvider.h">
			<Option compilerVar="CPP" />
			<Option compile="0" />
			<Option link="0" />
			<Option target="Debug|Win32" />
			<Option target="Release|Win32" />
		</Unit>
		<Unit filename="OpenGUI_SimpleButton.cpp">
			<Option compilerVar="CPP" />
			<Option target="Debug|Win32" />
			<Option target="Release|Win32" />
		</Unit>
		<Unit filename="OpenGUI_SimpleButton.h">
			<Option compilerVar="CPP" />
			<Option compile="0" />
			<Option link="0" />
			<Option target="Debug|Win32" />
			<Option target="Release|Win32" />
		</Unit>
		<Unit filename="OpenGUI_Singleton.h">
			<Option compilerVar="CPP" />
			<Option compile="0" />
			<Option link="0" />
			<Option target="Debug|Win32" />
			<Option target="Release|Win32" />
		</Unit>
		<Unit filename="OpenGUI_StaticImage.cpp">
			<Option compilerVar="CPP" />
			<Option target="Debug|Win32" />
			<Option target="Release|Win32" />
		</Unit>
		<Unit filename="OpenGUI_StaticImage.h">
			<Option compilerVar="CPP" />
			<Option compile="0" />
			<Option link="0" />
			<Option target="Debug|Win32" />
			<Option target="Release|Win32" />
		</Unit>
		<Unit filename="OpenGUI_System.cpp">
			<Option compilerVar="CPP" />
			<Option target="Debug|Win32" />
			<Option target="Release|Win32" />
		</Unit>
		<Unit filename="OpenGUI_System.h">
			<Option compilerVar="CPP" />
			<Option compile="0" />
			<Option link="0" />
			<Option target="Debug|Win32" />
			<Option target="Release|Win32" />
		</Unit>
		<Unit filename="OpenGUI_TextLabel.cpp">
			<Option compilerVar="CPP" />
			<Option target="Debug|Win32" />
			<Option target="Release|Win32" />
		</Unit>
		<Unit filename="OpenGUI_TextLabel.h">
			<Option compilerVar="CPP" />
			<Option compile="0" />
			<Option link="0" />
			<Option target="Debug|Win32" />
			<Option target="Release|Win32" />
		</Unit>
		<Unit filename="OpenGUI_Texture.cpp">
			<Option compilerVar="CPP" />
			<Option target="Debug|Win32" />
			<Option target="Release|Win32" />
		</Unit>
		<Unit filename="OpenGUI_Texture.h">
			<Option compilerVar="CPP" />
			<Option compile="0" />
			<Option link="0" />
			<Option target="Debug|Win32" />
			<Option target="Release|Win32" />
		</Unit>
		<Unit filename="OpenGUI_TextureData.cpp">
			<Option compilerVar="CPP" />
			<Option target="Debug|Win32" />
			<Option target="Release|Win32" />
		</Unit>
		<Unit filename="OpenGUI_TextureData.h">
			<Option compilerVar="CPP" />
			<Option compile="0" />
			<Option link="0" />
			<Option target="Debug|Win32" />
			<Option target="Release|Win32" />
		</Unit>
		<Unit filename="OpenGUI_TextureDataRect.cpp">
			<Option compilerVar="CPP" />
			<Option target="Debug|Win32" />
			<Option target="Release|Win32" />
		</Unit>
		<Unit filename="OpenGUI_TextureDataRect.h">
			<Option compilerVar="CPP" />
			<Option compile="0" />
			<Option link="0" />
			<Option target="Debug|Win32" />
			<Option target="Release|Win32" />
		</Unit>
		<Unit filename="OpenGUI_Timer.cpp">
			<Option compilerVar="CPP" />
			<Option target="Debug|Win32" />
			<Option target="Release|Win32" />
		</Unit>
		<Unit filename="OpenGUI_Timer.h">
			<Option compilerVar="CPP" />
			<Option compile="0" />
			<Option link="0" />
			<Option target="Debug|Win32" />
			<Option target="Release|Win32" />
		</Unit>
		<Unit filename="OpenGUI_TimerManager.cpp">
			<Option compilerVar="CPP" />
			<Option target="Debug|Win32" />
			<Option target="Release|Win32" />
		</Unit>
		<Unit filename="OpenGUI_TimerManager.h">
			<Option compilerVar="CPP" />
			<Option compile="0" />
			<Option link="0" />
			<Option target="Debug|Win32" />
			<Option target="Release|Win32" />
		</Unit>
		<Unit filename="OpenGUI_Types.h">
			<Option compilerVar="CPP" />
			<Option compile="0" />
			<Option link="0" />
			<Option target="Debug|Win32" />
			<Option target="Release|Win32" />
		</Unit>
		<Unit filename="OpenGUI_UnusedTypes.h">
			<Option compilerVar="CPP" />
			<Option compile="0" />
			<Option link="0" />
			<Option target="Debug|Win32" />
			<Option target="Release|Win32" />
		</Unit>
		<Unit filename="OpenGUI_Widget.cpp">
			<Option compilerVar="CPP" />
			<Option target="Debug|Win32" />
			<Option target="Release|Win32" />
		</Unit>
		<Unit filename="OpenGUI_Widget.h">
			<Option compilerVar="CPP" />
			<Option compile="0" />
			<Option link="0" />
			<Option target="Debug|Win32" />
			<Option target="Release|Win32" />
		</Unit>
		<Unit filename="OpenGUI_WidgetFactoryManager.cpp">
			<Option compilerVar="CPP" />
			<Option target="Debug|Win32" />
			<Option target="Release|Win32" />
		</Unit>
		<Unit filename="OpenGUI_WidgetFactoryManager.h">
			<Option compilerVar="CPP" />
			<Option compile="0" />
			<Option link="0" />
			<Option target="Debug|Win32" />
			<Option target="Release|Win32" />
		</Unit>
		<Unit filename="OpenGUI_WidgetTemplateManager.cpp">
			<Option compilerVar="CPP" />
			<Option target="Debug|Win32" />
			<Option target="Release|Win32" />
		</Unit>
		<Unit filename="OpenGUI_WidgetTemplateManager.h">
			<Option compilerVar="CPP" />
			<Option compile="0" />
			<Option link="0" />
			<Option target="Debug|Win32" />
			<Option target="Release|Win32" />
		</Unit>
		<Unit filename="OpenGUI_XMLParser.cpp">
			<Option compilerVar="CPP" />
			<Option target="Debug|Win32" />
			<Option target="Release|Win32" />
		</Unit>
		<Unit filename="OpenGUI_XMLParser.h">
			<Option compilerVar="CPP" />
			<Option compile="0" />
			<Option link="0" />
			<Option target="Debug|Win32" />
			<Option target="Release|Win32" />
		</Unit>
		<Unit filename="UnknownImage.h">
			<Option compilerVar="CPP" />
			<Option compile="0" />
			<Option link="0" />
			<Option target="Debug|Win32" />
			<Option target="Release|Win32" />
		</Unit>
		<Unit filename="doc\AdditionalDoxygenInput.txt">
			<Option compilerVar="CPP" />
			<Option compile="0" />
			<Option link="0" />
			<Option target="Debug|Win32" />
			<Option target="Release|Win32" />
		</Unit>
		<Unit filename="doc\BaseWidgets.txt">
			<Option compilerVar="CPP" />
			<Option compile="0" />
			<Option link="0" />
			<Option target="Debug|Win32" />
			<Option target="Release|Win32" />
		</Unit>
		<Unit filename="doc\EventDocs.txt">
			<Option compilerVar="CPP" />
			<Option compile="0" />
			<Option link="0" />
			<Option target="Debug|Win32" />
			<Option target="Release|Win32" />
		</Unit>
		<Extensions />
	</Project>
</CodeBlocks_project_file>